
Microsoft Visual Studio Solution File, Format Version 12.00
# Visual Studio Version 16
VisualStudioVersion = 16.0.30011.22
MinimumVisualStudioVersion = 10.0.40219.1
Project("{8BC9CEB8-8B4A-11D0-8D11-00A0C91BC942}") = "PEViewMFC", "PEViewMFC\PEViewMFC.vcxproj", "{26C76CDD-2AD6-424F-A891-FE8EE98722D7}"
EndProject
Global
	GlobalSection(SolutionConfigurationPlatforms) = preSolution
		Debug|x64 = Debug|x64
		Debug|x86 = Debug|x86
		Release|x64 = Release|x64
		Release|x86 = Release|x86
	EndGlobalSection
	GlobalSection(ProjectConfigurationPlatforms) = postSolution
		{26C76CDD-2AD6-424F-A891-FE8EE98722D7}.Debug|x64.ActiveCfg = Debug|x64
		{26C76CDD-2AD6-424F-A891-FE8EE98722D7}.Debug|x64.Build.0 = Debug|x64
		{26C76CDD-2AD6-424F-A891-FE8EE98722D7}.Debug|x86.ActiveCfg = Debug|Win32
		{26C76CDD-2AD6-424F-A891-FE8EE98722D7}.Debug|x86.Build.0 = Debug|Win32
		{26C76CDD-2AD6-424F-A891-FE8EE98722D7}.Release|x64.ActiveCfg = Release|x64
		{26C76CDD-2AD6-424F-A891-FE8EE98722D7}.Release|x64.Build.0 = Release|x64
		{26C76CDD-2AD6-424F-A891-FE8EE98722D7}.Release|x86.ActiveCfg = Release|Win32
		{26C76CDD-2AD6-424F-A891-FE8EE98722D7}.Release|x86.Build.0 = Release|Win32
	EndGlobalSection
	GlobalSection(SolutionProperties) = preSolution
		HideSolutionNode = FALSE
	EndGlobalSection
	GlobalSection(ExtensibilityGlobals) = postSolution
		SolutionGuid = {632BB031-355A-4B64-BAE8-FEC3EF3A8988}
	EndGlobalSection
EndGlobal
